{
  "requires": true,
  "lockfileVersion": 1,
  "dependencies": {
    "jquery-popup-overlay": {
      "version": "2.1.5",
      "resolved": "https://registry.npmjs.org/jquery-popup-overlay/-/jquery-popup-overlay-2.1.5.tgz",
      "integrity": "sha512-QRSV71pRpyG/F5QAAUWGJ1aGg02w9NQWWF+sCxnAyq2S/smGC0Ay5gdgNMoyOdCGTgrEaP3/AIr6YOFGSh/Glw=="
    },
    "mburger-css": {
      "version": "1.3.3",
      "resolved": "https://registry.npmjs.org/mburger-css/-/mburger-css-1.3.3.tgz",
      "integrity": "sha512-Dfu/45Hl8XbHW87NWhefbGCu6asPPbpA2KXki3Ah3fyeiXH/R4km1EiAf/CxmDDd/R3401HSF8FcWr3hWKgBhg=="
    },
    "mmenu-js": {
      "version": "8.5.20",
      "resolved": "https://registry.npmjs.org/mmenu-js/-/mmenu-js-8.5.20.tgz",
      "integrity": "sha512-bnjsPYhfGrZnfWPW37lgqbWDcBilRxKjjQwFvRa8Ho3cS5R7Lz0NfBxmajFDsNZjPgLAL2ObNGvhVIF04+4ZYQ=="
    }
  }
}
